
Microsoft Visual Studio Solution File, Format Version 12.00
# Visual Studio Version 16
VisualStudioVersion = 16.0.31019.35
MinimumVisualStudioVersion = 10.0.40219.1
Project("{2150E333-8FDC-42A3-9474-1A3956D46DE8}") = "Database", "Database", "{F76C9672-2836-4560-8DD3-BC6676899879}"
EndProject
Project("{2150E333-8FDC-42A3-9474-1A3956D46DE8}") = "Services", "Services", "{89DCF2F8-F197-428E-B16A-4D9A7027884C}"
EndProject
Project("{2150E333-8FDC-42A3-9474-1A3956D46DE8}") = "Website", "Website", "{835FC5CC-7F81-46A5-9436-547CA9FAD8BF}"
EndProject
Project("{9A19103F-16F7-4668-BE54-9A1E7A4F7556}") = "OLDMutual.CTS.Identity", "OLDMutual.CTS.Authentication\OLDMutual.CTS.Identity.csproj", "{59BDB932-3629-4A08-B1F5-567058BF7516}"
EndProject
Project("{2150E333-8FDC-42A3-9474-1A3956D46DE8}") = "Identity", "Identity", "{B044BB80-0F1F-4988-B9A9-59E405FA464D}"
EndProject
Project("{9A19103F-16F7-4668-BE54-9A1E7A4F7556}") = "OLDMutual.CTS.Identity.Domain", "OLDMutual.CTS.Authentication.Domain\OLDMutual.CTS.Identity.Domain.csproj", "{B7F11D64-5B1D-4ACE-BFC7-E781DBF75D35}"
EndProject
Project("{9A19103F-16F7-4668-BE54-9A1E7A4F7556}") = "OLDMutual.CTS.Identity.Unit.Test", "OLDMutual.CTS.Authentication.Unit.Test\OLDMutual.CTS.Identity.Unit.Test.csproj", "{4969A242-36DA-4B75-9CB7-6BA03D7E71A4}"
EndProject
Project("{9A19103F-16F7-4668-BE54-9A1E7A4F7556}") = "OLDMutual.CTS.Identity.Data", "OLDMutual.CTS.Authentication.Data\OLDMutual.CTS.Identity.Data.csproj", "{1739A0A6-16F4-422B-9716-F101321839DC}"
EndProject
Project("{9A19103F-16F7-4668-BE54-9A1E7A4F7556}") = "OLDMutual.CTS.Identity.Service", "OLDMutual.CTS.Authentication.Service\OLDMutual.CTS.Identity.Service.csproj", "{02963846-0DE4-407C-BCE4-5784E27CCDB0}"
EndProject
Project("{9A19103F-16F7-4668-BE54-9A1E7A4F7556}") = "OLDMutual.CTS.Identity.Shared", "OLDMutual.CTS.Authentication.Shared\OLDMutual.CTS.Identity.Shared.csproj", "{49049E3A-E0A0-469A-8C7B-92416DAD0DFF}"
EndProject
Project("{2150E333-8FDC-42A3-9474-1A3956D46DE8}") = "User Management", "User Management", "{7AA46187-AE0D-47CC-9675-BC54B9F7F259}"
EndProject
Project("{9A19103F-16F7-4668-BE54-9A1E7A4F7556}") = "OLDMutual.CTS.UserManagement.Data", "OLDMutual.CTS.UserManagement.Data\OLDMutual.CTS.UserManagement.Data.csproj", "{5BBB5F62-D3CE-4C81-A7AE-73A6EBA2DE51}"
EndProject
Project("{9A19103F-16F7-4668-BE54-9A1E7A4F7556}") = "OLDMutual.CTS.UserManagement.Domain", "OLDMutual.CTS.UserManagement.Domain\OLDMutual.CTS.UserManagement.Domain.csproj", "{88EB1683-1E4E-454E-9BB1-18C18BA2D3CA}"
EndProject
Project("{9A19103F-16F7-4668-BE54-9A1E7A4F7556}") = "OLDMutual.CTS.UserManagement.Service", "OLDMutual.CTS.UserManagement.Service\OLDMutual.CTS.UserManagement.Service.csproj", "{7DBE7280-CCA4-4039-9C19-75D3BEE3EB81}"
EndProject
Project("{9A19103F-16F7-4668-BE54-9A1E7A4F7556}") = "OLDMutual.CTS.UserManagement.Shared", "OLDMutual.CTS.UserManagement.Shared\OLDMutual.CTS.UserManagement.Shared.csproj", "{18D7078E-20D7-490D-93BE-4091BD19347C}"
EndProject
Project("{9A19103F-16F7-4668-BE54-9A1E7A4F7556}") = "OLDMutual.CTS.UserManagement.Unit.Test", "OLDMutual.CTS.UserManagement.Unit.Test\OLDMutual.CTS.UserManagement.Unit.Test.csproj", "{5439E9F4-3A67-4236-9CCF-CF5A79A970A8}"
EndProject
Project("{9A19103F-16F7-4668-BE54-9A1E7A4F7556}") = "OLDMutual.CTS.UserManagement", "OLDMutual.CTS.UserManagement\OLDMutual.CTS.UserManagement.csproj", "{39A4BA70-027D-4006-807C-B8A462D69A22}"
EndProject
Project("{2150E333-8FDC-42A3-9474-1A3956D46DE8}") = "Admin", "Admin", "{46409011-BECF-4D8C-9992-BB6AC65906FA}"
EndProject
Project("{2150E333-8FDC-42A3-9474-1A3956D46DE8}") = "Domain Definition", "Domain Definition", "{ACAC7275-70FD-4902-A38F-192241A183B2}"
EndProject
Project("{2150E333-8FDC-42A3-9474-1A3956D46DE8}") = "Manual Data Load", "Manual Data Load", "{ACB6AB7F-2CF5-48AB-94FB-2422B1BCF72B}"
EndProject
Project("{9A19103F-16F7-4668-BE54-9A1E7A4F7556}") = "OLDMutual.CTS.DomainDefinition", "OLDMutual.CTS.DomainDefinition\OLDMutual.CTS.DomainDefinition.csproj", "{C9B1E5A7-62E2-451D-A602-4B511ED45546}"
EndProject
Project("{9A19103F-16F7-4668-BE54-9A1E7A4F7556}") = "OLDMutual.CTS.DomainDefinition.Data", "OLDMutual.CTS.DomainDefinition.Data\OLDMutual.CTS.DomainDefinition.Data.csproj", "{D72A651B-A87E-44C5-9061-4F229C076E1A}"
EndProject
Project("{9A19103F-16F7-4668-BE54-9A1E7A4F7556}") = "OLDMutual.CTS.DomainDefinition.Domain", "OLDMutual.CTS.DomainDefinition.Domain\OLDMutual.CTS.DomainDefinition.Domain.csproj", "{AE28AC4E-C712-497F-9E6A-0B3A96226006}"
EndProject
Project("{9A19103F-16F7-4668-BE54-9A1E7A4F7556}") = "OLDMutual.CTS.DomainDefinition.Shared", "OLDMutual.CTS.DomainDefinition.Shared\OLDMutual.CTS.DomainDefinition.Shared.csproj", "{5243D91F-BDE3-4834-B868-0D5D9BC61933}"
EndProject
Project("{9A19103F-16F7-4668-BE54-9A1E7A4F7556}") = "OLDMutual.CTS.DomainDefinition.Service", "OLDMutual.CTS.DomainDefinition.Service\OLDMutual.CTS.DomainDefinition.Service.csproj", "{B4F5FF6B-E1C5-4D03-9D9D-4DE87A7F05DE}"
EndProject
Project("{9A19103F-16F7-4668-BE54-9A1E7A4F7556}") = "OLDMutual.CTS.DomainDefinition.Unit.Test", "OLDMutual.CTS.DomainDefinition.Unit.Test\OLDMutual.CTS.DomainDefinition.Unit.Test.csproj", "{B9056565-4B81-4411-A4DC-CC6A1AABC159}"
EndProject
Project("{9A19103F-16F7-4668-BE54-9A1E7A4F7556}") = "OLDMutual.CTS.Admin", "OLDMutual.CTS.Admin\OLDMutual.CTS.Admin.csproj", "{A025FB5E-47F0-4596-A941-4065843CD112}"
EndProject
Project("{9A19103F-16F7-4668-BE54-9A1E7A4F7556}") = "OLDMutual.CTS.Admin.Data", "OLDMutual.CTS.Admin.Data\OLDMutual.CTS.Admin.Data.csproj", "{6E9DA5D8-E20F-4D77-BEBA-45E6BE85E53E}"
EndProject
Project("{9A19103F-16F7-4668-BE54-9A1E7A4F7556}") = "OLDMutual.CTS.Admin.Domain", "OLDMutual.CTS.Admin.Domain\OLDMutual.CTS.Admin.Domain.csproj", "{AEF5692F-308C-46D7-9209-84093372690A}"
EndProject
Project("{9A19103F-16F7-4668-BE54-9A1E7A4F7556}") = "OLDMutual.CTS.Admin.Shared", "OLDMutual.CTS.Admin.Shared\OLDMutual.CTS.Admin.Shared.csproj", "{18CDE756-B360-4132-8A4D-B13C2E4C99EA}"
EndProject
Project("{9A19103F-16F7-4668-BE54-9A1E7A4F7556}") = "OLDMutual.CTS.Admin.Service", "OLDMutual.CTS.Admin.Service\OLDMutual.CTS.Admin.Service.csproj", "{17BE6FDD-6658-4846-B01A-A7846F74F182}"
EndProject
Project("{9A19103F-16F7-4668-BE54-9A1E7A4F7556}") = "OLDMutual.CTS.Admin.Unit.Test", "OLDMutual.CTS.Admin.Unit.Test\OLDMutual.CTS.Admin.Unit.Test.csproj", "{4B13A622-D636-43C9-95B4-C6028C9A770C}"
EndProject
Project("{9A19103F-16F7-4668-BE54-9A1E7A4F7556}") = "OLDMutual.CTS.ManualDataLoad", "OLDMutual.CTS.ManualDataLoad\OLDMutual.CTS.ManualDataLoad.csproj", "{7BAA077C-1DA8-41B4-A06F-1B8E305B7643}"
EndProject
Project("{9A19103F-16F7-4668-BE54-9A1E7A4F7556}") = "OLDMutual.CTS.ManualDataLoad.Data", "OLDMutual.CTS.ManualDataLoad.Data\OLDMutual.CTS.ManualDataLoad.Data.csproj", "{BE13B4F3-8CA8-4E7E-9DFE-85BEEA666809}"
EndProject
Project("{9A19103F-16F7-4668-BE54-9A1E7A4F7556}") = "OLDMutual.CTS.ManualDataLoad.Domain", "OLDMutual.CTS.ManualDataLoad.Domain\OLDMutual.CTS.ManualDataLoad.Domain.csproj", "{DE49151A-9A30-47FC-BA74-9D987D9C625C}"
EndProject
Project("{9A19103F-16F7-4668-BE54-9A1E7A4F7556}") = "OLDMutual.CTS.ManualDataLoad.Service", "OLDMutual.CTS.ManualDataLoad.Services\OLDMutual.CTS.ManualDataLoad.Service.csproj", "{0737FBB0-E0AD-4282-ACD2-47AAF3898D38}"
EndProject
Project("{9A19103F-16F7-4668-BE54-9A1E7A4F7556}") = "OLDMutual.CTS.ManualDataLoad.Shared", "OLDMutual.CTS.ManualDataLoad.Shared\OLDMutual.CTS.ManualDataLoad.Shared.csproj", "{4C957748-6479-4F3E-A917-B64432AF854B}"
EndProject
Project("{9A19103F-16F7-4668-BE54-9A1E7A4F7556}") = "OLDMutual.CTS.ManualDataLoad.Unit.Test", "OLDMutual.CTS.ManualDataLoad.Unit.Test\OLDMutual.CTS.ManualDataLoad.Unit.Test.csproj", "{9BFB05F5-63A1-41C8-AEAA-D7D1214386A3}"
EndProject
Project("{E24C65DC-7377-472B-9ABA-BC803B73C61A}") = "ClientApp", "ClientApp\", "{F3A7CCF8-FC8E-444A-80D9-8F58840D0D6C}"
	ProjectSection(WebsiteProperties) = preProject
		TargetFrameworkMoniker = ".NETFramework,Version%3Dv4.5"
		Debug.AspNetCompiler.VirtualPath = "/localhost_57174"
		Debug.AspNetCompiler.PhysicalPath = "ClientApp\"
		Debug.AspNetCompiler.TargetPath = "PrecompiledWeb\localhost_57174\"
		Debug.AspNetCompiler.Updateable = "true"
		Debug.AspNetCompiler.ForceOverwrite = "true"
		Debug.AspNetCompiler.FixedNames = "false"
		Debug.AspNetCompiler.Debug = "True"
		Release.AspNetCompiler.VirtualPath = "/localhost_57174"
		Release.AspNetCompiler.PhysicalPath = "ClientApp\"
		Release.AspNetCompiler.TargetPath = "PrecompiledWeb\localhost_57174\"
		Release.AspNetCompiler.Updateable = "true"
		Release.AspNetCompiler.ForceOverwrite = "true"
		Release.AspNetCompiler.FixedNames = "false"
		Release.AspNetCompiler.Debug = "False"
		VWDPort = "57174"
		SlnRelativePath = "ClientApp\"
	EndProjectSection
EndProject
Project("{2150E333-8FDC-42A3-9474-1A3956D46DE8}") = "Reporting", "Reporting", "{CD02A356-D5AB-4AEC-998B-4F7591F84976}"
EndProject
Project("{9A19103F-16F7-4668-BE54-9A1E7A4F7556}") = "OLDMutual.CTS.Reporting", "OLDMutual.CTS.Reporting\OLDMutual.CTS.Reporting.csproj", "{1C0819A4-01F5-41F3-BA1A-FA0509451B35}"
EndProject
Project("{9A19103F-16F7-4668-BE54-9A1E7A4F7556}") = "OLDMutual.CTS.Reporting.Data", "OLDMutual.CTS.Reporting.Data\OLDMutual.CTS.Reporting.Data.csproj", "{E504D008-D913-4F75-8AAD-397A6A05C804}"
EndProject
Project("{9A19103F-16F7-4668-BE54-9A1E7A4F7556}") = "OLDMutual.CTS.Reporting.Domain", "OLDMutual.CTS.Reporting.Domain\OLDMutual.CTS.Reporting.Domain.csproj", "{78A277C7-9D25-43C2-ADE1-F829C5A9355A}"
EndProject
Project("{9A19103F-16F7-4668-BE54-9A1E7A4F7556}") = "OLDMutual.CTS.Reporting.Service", "OLDMutual.CTS.Reporting.Service\OLDMutual.CTS.Reporting.Service.csproj", "{24B5699C-57A4-4B09-A2A2-EA503EDF15E9}"
EndProject
Project("{9A19103F-16F7-4668-BE54-9A1E7A4F7556}") = "OLDMutual.CTS.Reporting.Shared", "OLDMutual.CTS.Reporting.Shared\OLDMutual.CTS.Reporting.Shared.csproj", "{56B3D727-56B4-4715-B203-03A86F9FD397}"
EndProject
Project("{9A19103F-16F7-4668-BE54-9A1E7A4F7556}") = "OLDMutual.CTS.Reporting.Test", "OLDMutual.CTS.Reporting.Test\OLDMutual.CTS.Reporting.Test.csproj", "{125A58F6-57E1-49F6-A698-CEA96CC7C81D}"
EndProject
Project("{2150E333-8FDC-42A3-9474-1A3956D46DE8}") = "Data Submission", "Data Submission", "{C2A137E6-5AA0-4209-BF16-0B5B1075F83A}"
EndProject
Project("{9A19103F-16F7-4668-BE54-9A1E7A4F7556}") = "OLDMutual.CTS.DataSubmission", "OLDMutual.CTS.DataSubmission\OLDMutual.CTS.DataSubmission.csproj", "{38BA51FA-8CC1-44FA-8C3F-38871A7EEF4A}"
EndProject
Project("{9A19103F-16F7-4668-BE54-9A1E7A4F7556}") = "OLDMutual.CTS.DataSubmission.Service", "OLDMutual.CTS.DataSubmission.Service\OLDMutual.CTS.DataSubmission.Service.csproj", "{3E64A319-19AC-4478-B69F-1AB44CFA9BBF}"
EndProject
Project("{9A19103F-16F7-4668-BE54-9A1E7A4F7556}") = "OLDMutual.CTS.DataSubmission.Data", "OLDMutual.CTS.DataSubmission.Data\OLDMutual.CTS.DataSubmission.Data.csproj", "{BAF97775-7D51-492A-BB38-9F546C81D84F}"
EndProject
Project("{9A19103F-16F7-4668-BE54-9A1E7A4F7556}") = "OLDMutual.CTS.DataSubmission.Domain", "OLDMutual.CTS.DataSubmission.Domain\OLDMutual.CTS.DataSubmission.Domain.csproj", "{90699233-88E7-4D1F-B4EC-28E66F7EFFDA}"
EndProject
Project("{9A19103F-16F7-4668-BE54-9A1E7A4F7556}") = "OLDMutual.CTS.DataSubmission.Unit.Test", "OLDMutual.CTS.DataSubmission.Unit.Test\OLDMutual.CTS.DataSubmission.Unit.Test.csproj", "{E5F07CAC-1604-4F92-AB75-9A4AAB524DD6}"
EndProject
Project("{2150E333-8FDC-42A3-9474-1A3956D46DE8}") = "SNS Notification", "SNS Notification", "{7DDA0C91-2697-44ED-B2A3-DF8B62878A87}"
EndProject
Project("{9A19103F-16F7-4668-BE54-9A1E7A4F7556}") = "OLDMutual.CTS.SnsNotification", "OLDMutual.CTS.SnsNotification\OLDMutual.CTS.SnsNotification.csproj", "{2A46AC12-5992-4866-AF1B-841B345B8BB6}"
EndProject
Project("{9A19103F-16F7-4668-BE54-9A1E7A4F7556}") = "OLDMutual.CTS.SnsNotification.Domain", "OLDMutual.CTS.SnsNotfication.Domain\OLDMutual.CTS.SnsNotification.Domain.csproj", "{2AE33392-B753-4035-9E1B-97DCB2793785}"
EndProject
Project("{9A19103F-16F7-4668-BE54-9A1E7A4F7556}") = "OLDMutual.CTS.SnsNotification.Data", "OLDMutual.CTS.SnsNotification.Data\OLDMutual.CTS.SnsNotification.Data.csproj", "{CD6B2CA8-7E90-48D4-A74D-5DCF143905A2}"
EndProject
Project("{9A19103F-16F7-4668-BE54-9A1E7A4F7556}") = "OLDMutual.CTS.SnsNotification.Service", "OLDMutual.CTS.SnsNotification.Services\OLDMutual.CTS.SnsNotification.Service.csproj", "{36A2855B-AB8D-40A6-8E4F-0701DA48CC35}"
EndProject
Project("{9A19103F-16F7-4668-BE54-9A1E7A4F7556}") = "OLDMutual.CTS.SnsNotification.Shared", "OLDMutual.CTS.SnsNotification.Shared\OLDMutual.CTS.SnsNotification.Shared.csproj", "{8E2F5EFD-B8B9-411E-9C8A-3B706AA6CE23}"
EndProject
Project("{9A19103F-16F7-4668-BE54-9A1E7A4F7556}") = "OLDMutual.CTS.SnsNotification.Unit.Test", "OLDMutual.CTS.SnsNotification.Unit.Test\OLDMutual.CTS.SnsNotification.Unit.Test.csproj", "{FA293746-AC7C-4FF7-9E13-FEF654C0184E}"
EndProject
Project("{9A19103F-16F7-4668-BE54-9A1E7A4F7556}") = "OLDMutual.CTS.DataSubmission.Shared", "OLDMutual.CTS.DataSubmission.Shared\OLDMutual.CTS.DataSubmission.Shared.csproj", "{E9DC30FB-3ED2-4A4E-9FA6-3E4DE6EB3238}"
EndProject
Project("{2150E333-8FDC-42A3-9474-1A3956D46DE8}") = "Dashboard", "Dashboard", "{D854F73B-370D-4783-ACC4-D99525A1C52D}"
EndProject
Project("{9A19103F-16F7-4668-BE54-9A1E7A4F7556}") = "OLDMutual.CTS.Dashboard", "OLDMutual.CTS.Dashboard\OLDMutual.CTS.Dashboard.csproj", "{E2698DE7-C445-4878-ADEC-B7B90C0005CB}"
EndProject
Project("{9A19103F-16F7-4668-BE54-9A1E7A4F7556}") = "OLDMutual.CTS.Dashboard.Data", "OLDMutual.CTS.Dashboard.Data\OLDMutual.CTS.Dashboard.Data.csproj", "{E5C65CD1-FEDC-4F6F-9C44-971D1F872FFD}"
EndProject
Project("{9A19103F-16F7-4668-BE54-9A1E7A4F7556}") = "OLDMutual.CTS.Dashboard.Domain", "OLDMutual.CTS.Dashboard.Domain\OLDMutual.CTS.Dashboard.Domain.csproj", "{9C9E1A57-5727-4E64-8FB3-D80159495F44}"
EndProject
Project("{9A19103F-16F7-4668-BE54-9A1E7A4F7556}") = "OLDMutual.CTS.Dashboard.Service", "OLDMutual.CTS.Dashboard.Service\OLDMutual.CTS.Dashboard.Service.csproj", "{08899074-4B8D-458A-B52C-E92E8420E608}"
EndProject
Project("{9A19103F-16F7-4668-BE54-9A1E7A4F7556}") = "OLDMutual.CTS.Dashboard.Shared", "OLDMutual.CTS.Dashboard.Shared\OLDMutual.CTS.Dashboard.Shared.csproj", "{C6503D6A-9D04-4C38-948F-66BDA679F861}"
EndProject
Project("{9A19103F-16F7-4668-BE54-9A1E7A4F7556}") = "OLDMutual.CTS.Dashboard.Unit.Test", "OLDMutual.CTS.Dashboard.Unit.Test\OLDMutual.CTS.Dashboard.Unit.Test.csproj", "{C0FF2DF6-C090-48B3-9003-7EB7159DED32}"
EndProject
Global
	GlobalSection(SolutionConfigurationPlatforms) = preSolution
		Debug|Any CPU = Debug|Any CPU
		Release|Any CPU = Release|Any CPU
	EndGlobalSection
	GlobalSection(ProjectConfigurationPlatforms) = postSolution
		{59BDB932-3629-4A08-B1F5-567058BF7516}.Debug|Any CPU.ActiveCfg = Debug|Any CPU
		{59BDB932-3629-4A08-B1F5-567058BF7516}.Debug|Any CPU.Build.0 = Debug|Any CPU
		{59BDB932-3629-4A08-B1F5-567058BF7516}.Release|Any CPU.ActiveCfg = Release|Any CPU
		{59BDB932-3629-4A08-B1F5-567058BF7516}.Release|Any CPU.Build.0 = Release|Any CPU
		{B7F11D64-5B1D-4ACE-BFC7-E781DBF75D35}.Debug|Any CPU.ActiveCfg = Debug|Any CPU
		{B7F11D64-5B1D-4ACE-BFC7-E781DBF75D35}.Debug|Any CPU.Build.0 = Debug|Any CPU
		{B7F11D64-5B1D-4ACE-BFC7-E781DBF75D35}.Release|Any CPU.ActiveCfg = Release|Any CPU
		{B7F11D64-5B1D-4ACE-BFC7-E781DBF75D35}.Release|Any CPU.Build.0 = Release|Any CPU
		{4969A242-36DA-4B75-9CB7-6BA03D7E71A4}.Debug|Any CPU.ActiveCfg = Debug|Any CPU
		{4969A242-36DA-4B75-9CB7-6BA03D7E71A4}.Debug|Any CPU.Build.0 = Debug|Any CPU
		{4969A242-36DA-4B75-9CB7-6BA03D7E71A4}.Release|Any CPU.ActiveCfg = Release|Any CPU
		{4969A242-36DA-4B75-9CB7-6BA03D7E71A4}.Release|Any CPU.Build.0 = Release|Any CPU
		{1739A0A6-16F4-422B-9716-F101321839DC}.Debug|Any CPU.ActiveCfg = Debug|Any CPU
		{1739A0A6-16F4-422B-9716-F101321839DC}.Debug|Any CPU.Build.0 = Debug|Any CPU
		{1739A0A6-16F4-422B-9716-F101321839DC}.Release|Any CPU.ActiveCfg = Release|Any CPU
		{1739A0A6-16F4-422B-9716-F101321839DC}.Release|Any CPU.Build.0 = Release|Any CPU
		{02963846-0DE4-407C-BCE4-5784E27CCDB0}.Debug|Any CPU.ActiveCfg = Debug|Any CPU
		{02963846-0DE4-407C-BCE4-5784E27CCDB0}.Debug|Any CPU.Build.0 = Debug|Any CPU
		{02963846-0DE4-407C-BCE4-5784E27CCDB0}.Release|Any CPU.ActiveCfg = Release|Any CPU
		{02963846-0DE4-407C-BCE4-5784E27CCDB0}.Release|Any CPU.Build.0 = Release|Any CPU
		{49049E3A-E0A0-469A-8C7B-92416DAD0DFF}.Debug|Any CPU.ActiveCfg = Debug|Any CPU
		{49049E3A-E0A0-469A-8C7B-92416DAD0DFF}.Debug|Any CPU.Build.0 = Debug|Any CPU
		{49049E3A-E0A0-469A-8C7B-92416DAD0DFF}.Release|Any CPU.ActiveCfg = Release|Any CPU
		{49049E3A-E0A0-469A-8C7B-92416DAD0DFF}.Release|Any CPU.Build.0 = Release|Any CPU
		{5BBB5F62-D3CE-4C81-A7AE-73A6EBA2DE51}.Debug|Any CPU.ActiveCfg = Debug|Any CPU
		{5BBB5F62-D3CE-4C81-A7AE-73A6EBA2DE51}.Debug|Any CPU.Build.0 = Debug|Any CPU
		{5BBB5F62-D3CE-4C81-A7AE-73A6EBA2DE51}.Release|Any CPU.ActiveCfg = Release|Any CPU
		{5BBB5F62-D3CE-4C81-A7AE-73A6EBA2DE51}.Release|Any CPU.Build.0 = Release|Any CPU
		{88EB1683-1E4E-454E-9BB1-18C18BA2D3CA}.Debug|Any CPU.ActiveCfg = Debug|Any CPU
		{88EB1683-1E4E-454E-9BB1-18C18BA2D3CA}.Debug|Any CPU.Build.0 = Debug|Any CPU
		{88EB1683-1E4E-454E-9BB1-18C18BA2D3CA}.Release|Any CPU.ActiveCfg = Release|Any CPU
		{88EB1683-1E4E-454E-9BB1-18C18BA2D3CA}.Release|Any CPU.Build.0 = Release|Any CPU
		{7DBE7280-CCA4-4039-9C19-75D3BEE3EB81}.Debug|Any CPU.ActiveCfg = Debug|Any CPU
		{7DBE7280-CCA4-4039-9C19-75D3BEE3EB81}.Debug|Any CPU.Build.0 = Debug|Any CPU
		{7DBE7280-CCA4-4039-9C19-75D3BEE3EB81}.Release|Any CPU.ActiveCfg = Release|Any CPU
		{7DBE7280-CCA4-4039-9C19-75D3BEE3EB81}.Release|Any CPU.Build.0 = Release|Any CPU
		{18D7078E-20D7-490D-93BE-4091BD19347C}.Debug|Any CPU.ActiveCfg = Debug|Any CPU
		{18D7078E-20D7-490D-93BE-4091BD19347C}.Debug|Any CPU.Build.0 = Debug|Any CPU
		{18D7078E-20D7-490D-93BE-4091BD19347C}.Release|Any CPU.ActiveCfg = Release|Any CPU
		{18D7078E-20D7-490D-93BE-4091BD19347C}.Release|Any CPU.Build.0 = Release|Any CPU
		{5439E9F4-3A67-4236-9CCF-CF5A79A970A8}.Debug|Any CPU.ActiveCfg = Debug|Any CPU
		{5439E9F4-3A67-4236-9CCF-CF5A79A970A8}.Debug|Any CPU.Build.0 = Debug|Any CPU
		{5439E9F4-3A67-4236-9CCF-CF5A79A970A8}.Release|Any CPU.ActiveCfg = Release|Any CPU
		{5439E9F4-3A67-4236-9CCF-CF5A79A970A8}.Release|Any CPU.Build.0 = Release|Any CPU
		{39A4BA70-027D-4006-807C-B8A462D69A22}.Debug|Any CPU.ActiveCfg = Debug|Any CPU
		{39A4BA70-027D-4006-807C-B8A462D69A22}.Debug|Any CPU.Build.0 = Debug|Any CPU
		{39A4BA70-027D-4006-807C-B8A462D69A22}.Release|Any CPU.ActiveCfg = Release|Any CPU
		{39A4BA70-027D-4006-807C-B8A462D69A22}.Release|Any CPU.Build.0 = Release|Any CPU
		{C9B1E5A7-62E2-451D-A602-4B511ED45546}.Debug|Any CPU.ActiveCfg = Debug|Any CPU
		{C9B1E5A7-62E2-451D-A602-4B511ED45546}.Debug|Any CPU.Build.0 = Debug|Any CPU
		{C9B1E5A7-62E2-451D-A602-4B511ED45546}.Release|Any CPU.ActiveCfg = Release|Any CPU
		{C9B1E5A7-62E2-451D-A602-4B511ED45546}.Release|Any CPU.Build.0 = Release|Any CPU
		{D72A651B-A87E-44C5-9061-4F229C076E1A}.Debug|Any CPU.ActiveCfg = Debug|Any CPU
		{D72A651B-A87E-44C5-9061-4F229C076E1A}.Debug|Any CPU.Build.0 = Debug|Any CPU
		{D72A651B-A87E-44C5-9061-4F229C076E1A}.Release|Any CPU.ActiveCfg = Release|Any CPU
		{D72A651B-A87E-44C5-9061-4F229C076E1A}.Release|Any CPU.Build.0 = Release|Any CPU
		{AE28AC4E-C712-497F-9E6A-0B3A96226006}.Debug|Any CPU.ActiveCfg = Debug|Any CPU
		{AE28AC4E-C712-497F-9E6A-0B3A96226006}.Debug|Any CPU.Build.0 = Debug|Any CPU
		{AE28AC4E-C712-497F-9E6A-0B3A96226006}.Release|Any CPU.ActiveCfg = Release|Any CPU
		{AE28AC4E-C712-497F-9E6A-0B3A96226006}.Release|Any CPU.Build.0 = Release|Any CPU
		{5243D91F-BDE3-4834-B868-0D5D9BC61933}.Debug|Any CPU.ActiveCfg = Debug|Any CPU
		{5243D91F-BDE3-4834-B868-0D5D9BC61933}.Debug|Any CPU.Build.0 = Debug|Any CPU
		{5243D91F-BDE3-4834-B868-0D5D9BC61933}.Release|Any CPU.ActiveCfg = Release|Any CPU
		{5243D91F-BDE3-4834-B868-0D5D9BC61933}.Release|Any CPU.Build.0 = Release|Any CPU
		{B4F5FF6B-E1C5-4D03-9D9D-4DE87A7F05DE}.Debug|Any CPU.ActiveCfg = Debug|Any CPU
		{B4F5FF6B-E1C5-4D03-9D9D-4DE87A7F05DE}.Debug|Any CPU.Build.0 = Debug|Any CPU
		{B4F5FF6B-E1C5-4D03-9D9D-4DE87A7F05DE}.Release|Any CPU.ActiveCfg = Release|Any CPU
		{B4F5FF6B-E1C5-4D03-9D9D-4DE87A7F05DE}.Release|Any CPU.Build.0 = Release|Any CPU
		{B9056565-4B81-4411-A4DC-CC6A1AABC159}.Debug|Any CPU.ActiveCfg = Debug|Any CPU
		{B9056565-4B81-4411-A4DC-CC6A1AABC159}.Debug|Any CPU.Build.0 = Debug|Any CPU
		{B9056565-4B81-4411-A4DC-CC6A1AABC159}.Release|Any CPU.ActiveCfg = Release|Any CPU
		{B9056565-4B81-4411-A4DC-CC6A1AABC159}.Release|Any CPU.Build.0 = Release|Any CPU
		{A025FB5E-47F0-4596-A941-4065843CD112}.Debug|Any CPU.ActiveCfg = Debug|Any CPU
		{A025FB5E-47F0-4596-A941-4065843CD112}.Debug|Any CPU.Build.0 = Debug|Any CPU
		{A025FB5E-47F0-4596-A941-4065843CD112}.Release|Any CPU.ActiveCfg = Release|Any CPU
		{A025FB5E-47F0-4596-A941-4065843CD112}.Release|Any CPU.Build.0 = Release|Any CPU
		{6E9DA5D8-E20F-4D77-BEBA-45E6BE85E53E}.Debug|Any CPU.ActiveCfg = Debug|Any CPU
		{6E9DA5D8-E20F-4D77-BEBA-45E6BE85E53E}.Debug|Any CPU.Build.0 = Debug|Any CPU
		{6E9DA5D8-E20F-4D77-BEBA-45E6BE85E53E}.Release|Any CPU.ActiveCfg = Release|Any CPU
		{6E9DA5D8-E20F-4D77-BEBA-45E6BE85E53E}.Release|Any CPU.Build.0 = Release|Any CPU
		{AEF5692F-308C-46D7-9209-84093372690A}.Debug|Any CPU.ActiveCfg = Debug|Any CPU
		{AEF5692F-308C-46D7-9209-84093372690A}.Debug|Any CPU.Build.0 = Debug|Any CPU
		{AEF5692F-308C-46D7-9209-84093372690A}.Release|Any CPU.ActiveCfg = Release|Any CPU
		{AEF5692F-308C-46D7-9209-84093372690A}.Release|Any CPU.Build.0 = Release|Any CPU
		{18CDE756-B360-4132-8A4D-B13C2E4C99EA}.Debug|Any CPU.ActiveCfg = Debug|Any CPU
		{18CDE756-B360-4132-8A4D-B13C2E4C99EA}.Debug|Any CPU.Build.0 = Debug|Any CPU
		{18CDE756-B360-4132-8A4D-B13C2E4C99EA}.Release|Any CPU.ActiveCfg = Release|Any CPU
		{18CDE756-B360-4132-8A4D-B13C2E4C99EA}.Release|Any CPU.Build.0 = Release|Any CPU
		{17BE6FDD-6658-4846-B01A-A7846F74F182}.Debug|Any CPU.ActiveCfg = Debug|Any CPU
		{17BE6FDD-6658-4846-B01A-A7846F74F182}.Debug|Any CPU.Build.0 = Debug|Any CPU
		{17BE6FDD-6658-4846-B01A-A7846F74F182}.Release|Any CPU.ActiveCfg = Release|Any CPU
		{17BE6FDD-6658-4846-B01A-A7846F74F182}.Release|Any CPU.Build.0 = Release|Any CPU
		{4B13A622-D636-43C9-95B4-C6028C9A770C}.Debug|Any CPU.ActiveCfg = Debug|Any CPU
		{4B13A622-D636-43C9-95B4-C6028C9A770C}.Debug|Any CPU.Build.0 = Debug|Any CPU
		{4B13A622-D636-43C9-95B4-C6028C9A770C}.Release|Any CPU.ActiveCfg = Release|Any CPU
		{4B13A622-D636-43C9-95B4-C6028C9A770C}.Release|Any CPU.Build.0 = Release|Any CPU
		{7BAA077C-1DA8-41B4-A06F-1B8E305B7643}.Debug|Any CPU.ActiveCfg = Debug|Any CPU
		{7BAA077C-1DA8-41B4-A06F-1B8E305B7643}.Debug|Any CPU.Build.0 = Debug|Any CPU
		{7BAA077C-1DA8-41B4-A06F-1B8E305B7643}.Release|Any CPU.ActiveCfg = Release|Any CPU
		{7BAA077C-1DA8-41B4-A06F-1B8E305B7643}.Release|Any CPU.Build.0 = Release|Any CPU
		{BE13B4F3-8CA8-4E7E-9DFE-85BEEA666809}.Debug|Any CPU.ActiveCfg = Debug|Any CPU
		{BE13B4F3-8CA8-4E7E-9DFE-85BEEA666809}.Debug|Any CPU.Build.0 = Debug|Any CPU
		{BE13B4F3-8CA8-4E7E-9DFE-85BEEA666809}.Release|Any CPU.ActiveCfg = Release|Any CPU
		{BE13B4F3-8CA8-4E7E-9DFE-85BEEA666809}.Release|Any CPU.Build.0 = Release|Any CPU
		{DE49151A-9A30-47FC-BA74-9D987D9C625C}.Debug|Any CPU.ActiveCfg = Debug|Any CPU
		{DE49151A-9A30-47FC-BA74-9D987D9C625C}.Debug|Any CPU.Build.0 = Debug|Any CPU
		{DE49151A-9A30-47FC-BA74-9D987D9C625C}.Release|Any CPU.ActiveCfg = Release|Any CPU
		{DE49151A-9A30-47FC-BA74-9D987D9C625C}.Release|Any CPU.Build.0 = Release|Any CPU
		{0737FBB0-E0AD-4282-ACD2-47AAF3898D38}.Debug|Any CPU.ActiveCfg = Debug|Any CPU
		{0737FBB0-E0AD-4282-ACD2-47AAF3898D38}.Debug|Any CPU.Build.0 = Debug|Any CPU
		{0737FBB0-E0AD-4282-ACD2-47AAF3898D38}.Release|Any CPU.ActiveCfg = Release|Any CPU
		{0737FBB0-E0AD-4282-ACD2-47AAF3898D38}.Release|Any CPU.Build.0 = Release|Any CPU
		{4C957748-6479-4F3E-A917-B64432AF854B}.Debug|Any CPU.ActiveCfg = Debug|Any CPU
		{4C957748-6479-4F3E-A917-B64432AF854B}.Debug|Any CPU.Build.0 = Debug|Any CPU
		{4C957748-6479-4F3E-A917-B64432AF854B}.Release|Any CPU.ActiveCfg = Release|Any CPU
		{4C957748-6479-4F3E-A917-B64432AF854B}.Release|Any CPU.Build.0 = Release|Any CPU
		{9BFB05F5-63A1-41C8-AEAA-D7D1214386A3}.Debug|Any CPU.ActiveCfg = Debug|Any CPU
		{9BFB05F5-63A1-41C8-AEAA-D7D1214386A3}.Debug|Any CPU.Build.0 = Debug|Any CPU
		{9BFB05F5-63A1-41C8-AEAA-D7D1214386A3}.Release|Any CPU.ActiveCfg = Release|Any CPU
		{9BFB05F5-63A1-41C8-AEAA-D7D1214386A3}.Release|Any CPU.Build.0 = Release|Any CPU	
		{1C0819A4-01F5-41F3-BA1A-FA0509451B35}.Debug|Any CPU.ActiveCfg = Debug|Any CPU
		{1C0819A4-01F5-41F3-BA1A-FA0509451B35}.Debug|Any CPU.Build.0 = Debug|Any CPU
		{1C0819A4-01F5-41F3-BA1A-FA0509451B35}.Release|Any CPU.ActiveCfg = Release|Any CPU
		{1C0819A4-01F5-41F3-BA1A-FA0509451B35}.Release|Any CPU.Build.0 = Release|Any CPU
		{E504D008-D913-4F75-8AAD-397A6A05C804}.Debug|Any CPU.ActiveCfg = Debug|Any CPU
		{E504D008-D913-4F75-8AAD-397A6A05C804}.Debug|Any CPU.Build.0 = Debug|Any CPU
		{E504D008-D913-4F75-8AAD-397A6A05C804}.Release|Any CPU.ActiveCfg = Release|Any CPU
		{E504D008-D913-4F75-8AAD-397A6A05C804}.Release|Any CPU.Build.0 = Release|Any CPU
		{78A277C7-9D25-43C2-ADE1-F829C5A9355A}.Debug|Any CPU.ActiveCfg = Debug|Any CPU
		{78A277C7-9D25-43C2-ADE1-F829C5A9355A}.Debug|Any CPU.Build.0 = Debug|Any CPU
		{78A277C7-9D25-43C2-ADE1-F829C5A9355A}.Release|Any CPU.ActiveCfg = Release|Any CPU
		{78A277C7-9D25-43C2-ADE1-F829C5A9355A}.Release|Any CPU.Build.0 = Release|Any CPU
		{24B5699C-57A4-4B09-A2A2-EA503EDF15E9}.Debug|Any CPU.ActiveCfg = Debug|Any CPU
		{24B5699C-57A4-4B09-A2A2-EA503EDF15E9}.Debug|Any CPU.Build.0 = Debug|Any CPU
		{24B5699C-57A4-4B09-A2A2-EA503EDF15E9}.Release|Any CPU.ActiveCfg = Release|Any CPU
		{24B5699C-57A4-4B09-A2A2-EA503EDF15E9}.Release|Any CPU.Build.0 = Release|Any CPU
		{56B3D727-56B4-4715-B203-03A86F9FD397}.Debug|Any CPU.ActiveCfg = Debug|Any CPU
		{56B3D727-56B4-4715-B203-03A86F9FD397}.Debug|Any CPU.Build.0 = Debug|Any CPU
		{56B3D727-56B4-4715-B203-03A86F9FD397}.Release|Any CPU.ActiveCfg = Release|Any CPU
		{56B3D727-56B4-4715-B203-03A86F9FD397}.Release|Any CPU.Build.0 = Release|Any CPU
		{125A58F6-57E1-49F6-A698-CEA96CC7C81D}.Debug|Any CPU.ActiveCfg = Debug|Any CPU
		{125A58F6-57E1-49F6-A698-CEA96CC7C81D}.Debug|Any CPU.Build.0 = Debug|Any CPU
		{125A58F6-57E1-49F6-A698-CEA96CC7C81D}.Release|Any CPU.ActiveCfg = Release|Any CPU
		{125A58F6-57E1-49F6-A698-CEA96CC7C81D}.Release|Any CPU.Build.0 = Release|Any CPU
		{38BA51FA-8CC1-44FA-8C3F-38871A7EEF4A}.Debug|Any CPU.ActiveCfg = Debug|Any CPU
		{38BA51FA-8CC1-44FA-8C3F-38871A7EEF4A}.Debug|Any CPU.Build.0 = Debug|Any CPU
		{38BA51FA-8CC1-44FA-8C3F-38871A7EEF4A}.Release|Any CPU.ActiveCfg = Release|Any CPU
		{38BA51FA-8CC1-44FA-8C3F-38871A7EEF4A}.Release|Any CPU.Build.0 = Release|Any CPU
		{3E64A319-19AC-4478-B69F-1AB44CFA9BBF}.Debug|Any CPU.ActiveCfg = Debug|Any CPU
		{3E64A319-19AC-4478-B69F-1AB44CFA9BBF}.Debug|Any CPU.Build.0 = Debug|Any CPU
		{3E64A319-19AC-4478-B69F-1AB44CFA9BBF}.Release|Any CPU.ActiveCfg = Release|Any CPU
		{3E64A319-19AC-4478-B69F-1AB44CFA9BBF}.Release|Any CPU.Build.0 = Release|Any CPU
		{BAF97775-7D51-492A-BB38-9F546C81D84F}.Debug|Any CPU.ActiveCfg = Debug|Any CPU
		{BAF97775-7D51-492A-BB38-9F546C81D84F}.Debug|Any CPU.Build.0 = Debug|Any CPU
		{BAF97775-7D51-492A-BB38-9F546C81D84F}.Release|Any CPU.ActiveCfg = Release|Any CPU
		{BAF97775-7D51-492A-BB38-9F546C81D84F}.Release|Any CPU.Build.0 = Release|Any CPU
		{90699233-88E7-4D1F-B4EC-28E66F7EFFDA}.Debug|Any CPU.ActiveCfg = Debug|Any CPU
		{90699233-88E7-4D1F-B4EC-28E66F7EFFDA}.Debug|Any CPU.Build.0 = Debug|Any CPU
		{90699233-88E7-4D1F-B4EC-28E66F7EFFDA}.Release|Any CPU.ActiveCfg = Release|Any CPU
		{90699233-88E7-4D1F-B4EC-28E66F7EFFDA}.Release|Any CPU.Build.0 = Release|Any CPU
		{E5F07CAC-1604-4F92-AB75-9A4AAB524DD6}.Debug|Any CPU.ActiveCfg = Debug|Any CPU
		{E5F07CAC-1604-4F92-AB75-9A4AAB524DD6}.Debug|Any CPU.Build.0 = Debug|Any CPU
		{E5F07CAC-1604-4F92-AB75-9A4AAB524DD6}.Release|Any CPU.ActiveCfg = Release|Any CPU
		{E5F07CAC-1604-4F92-AB75-9A4AAB524DD6}.Release|Any CPU.Build.0 = Release|Any CPU
		{2A46AC12-5992-4866-AF1B-841B345B8BB6}.Debug|Any CPU.ActiveCfg = Debug|Any CPU
		{2A46AC12-5992-4866-AF1B-841B345B8BB6}.Debug|Any CPU.Build.0 = Debug|Any CPU
		{2A46AC12-5992-4866-AF1B-841B345B8BB6}.Release|Any CPU.ActiveCfg = Release|Any CPU
		{2A46AC12-5992-4866-AF1B-841B345B8BB6}.Release|Any CPU.Build.0 = Release|Any CPU
		{2AE33392-B753-4035-9E1B-97DCB2793785}.Debug|Any CPU.ActiveCfg = Debug|Any CPU
		{2AE33392-B753-4035-9E1B-97DCB2793785}.Debug|Any CPU.Build.0 = Debug|Any CPU
		{2AE33392-B753-4035-9E1B-97DCB2793785}.Release|Any CPU.ActiveCfg = Release|Any CPU
		{2AE33392-B753-4035-9E1B-97DCB2793785}.Release|Any CPU.Build.0 = Release|Any CPU
		{CD6B2CA8-7E90-48D4-A74D-5DCF143905A2}.Debug|Any CPU.ActiveCfg = Debug|Any CPU
		{CD6B2CA8-7E90-48D4-A74D-5DCF143905A2}.Debug|Any CPU.Build.0 = Debug|Any CPU
		{CD6B2CA8-7E90-48D4-A74D-5DCF143905A2}.Release|Any CPU.ActiveCfg = Release|Any CPU
		{CD6B2CA8-7E90-48D4-A74D-5DCF143905A2}.Release|Any CPU.Build.0 = Release|Any CPU
		{36A2855B-AB8D-40A6-8E4F-0701DA48CC35}.Debug|Any CPU.ActiveCfg = Debug|Any CPU
		{36A2855B-AB8D-40A6-8E4F-0701DA48CC35}.Debug|Any CPU.Build.0 = Debug|Any CPU
		{36A2855B-AB8D-40A6-8E4F-0701DA48CC35}.Release|Any CPU.ActiveCfg = Release|Any CPU
		{36A2855B-AB8D-40A6-8E4F-0701DA48CC35}.Release|Any CPU.Build.0 = Release|Any CPU
		{8E2F5EFD-B8B9-411E-9C8A-3B706AA6CE23}.Debug|Any CPU.ActiveCfg = Debug|Any CPU
		{8E2F5EFD-B8B9-411E-9C8A-3B706AA6CE23}.Debug|Any CPU.Build.0 = Debug|Any CPU
		{8E2F5EFD-B8B9-411E-9C8A-3B706AA6CE23}.Release|Any CPU.ActiveCfg = Release|Any CPU
		{8E2F5EFD-B8B9-411E-9C8A-3B706AA6CE23}.Release|Any CPU.Build.0 = Release|Any CPU
		{FA293746-AC7C-4FF7-9E13-FEF654C0184E}.Debug|Any CPU.ActiveCfg = Debug|Any CPU
		{FA293746-AC7C-4FF7-9E13-FEF654C0184E}.Debug|Any CPU.Build.0 = Debug|Any CPU
		{FA293746-AC7C-4FF7-9E13-FEF654C0184E}.Release|Any CPU.ActiveCfg = Release|Any CPU
		{FA293746-AC7C-4FF7-9E13-FEF654C0184E}.Release|Any CPU.Build.0 = Release|Any CPU
		{E9DC30FB-3ED2-4A4E-9FA6-3E4DE6EB3238}.Debug|Any CPU.ActiveCfg = Debug|Any CPU
		{E9DC30FB-3ED2-4A4E-9FA6-3E4DE6EB3238}.Debug|Any CPU.Build.0 = Debug|Any CPU
		{E9DC30FB-3ED2-4A4E-9FA6-3E4DE6EB3238}.Release|Any CPU.ActiveCfg = Release|Any CPU
		{E9DC30FB-3ED2-4A4E-9FA6-3E4DE6EB3238}.Release|Any CPU.Build.0 = Release|Any CPU
		{E2698DE7-C445-4878-ADEC-B7B90C0005CB}.Debug|Any CPU.ActiveCfg = Debug|Any CPU
		{E2698DE7-C445-4878-ADEC-B7B90C0005CB}.Debug|Any CPU.Build.0 = Debug|Any CPU
		{E2698DE7-C445-4878-ADEC-B7B90C0005CB}.Release|Any CPU.ActiveCfg = Release|Any CPU
		{E2698DE7-C445-4878-ADEC-B7B90C0005CB}.Release|Any CPU.Build.0 = Release|Any CPU
		{E5C65CD1-FEDC-4F6F-9C44-971D1F872FFD}.Debug|Any CPU.ActiveCfg = Debug|Any CPU
		{E5C65CD1-FEDC-4F6F-9C44-971D1F872FFD}.Debug|Any CPU.Build.0 = Debug|Any CPU
		{E5C65CD1-FEDC-4F6F-9C44-971D1F872FFD}.Release|Any CPU.ActiveCfg = Release|Any CPU
		{E5C65CD1-FEDC-4F6F-9C44-971D1F872FFD}.Release|Any CPU.Build.0 = Release|Any CPU
		{9C9E1A57-5727-4E64-8FB3-D80159495F44}.Debug|Any CPU.ActiveCfg = Debug|Any CPU
		{9C9E1A57-5727-4E64-8FB3-D80159495F44}.Debug|Any CPU.Build.0 = Debug|Any CPU
		{9C9E1A57-5727-4E64-8FB3-D80159495F44}.Release|Any CPU.ActiveCfg = Release|Any CPU
		{9C9E1A57-5727-4E64-8FB3-D80159495F44}.Release|Any CPU.Build.0 = Release|Any CPU
		{08899074-4B8D-458A-B52C-E92E8420E608}.Debug|Any CPU.ActiveCfg = Debug|Any CPU
		{08899074-4B8D-458A-B52C-E92E8420E608}.Debug|Any CPU.Build.0 = Debug|Any CPU
		{08899074-4B8D-458A-B52C-E92E8420E608}.Release|Any CPU.ActiveCfg = Release|Any CPU
		{08899074-4B8D-458A-B52C-E92E8420E608}.Release|Any CPU.Build.0 = Release|Any CPU
		{C6503D6A-9D04-4C38-948F-66BDA679F861}.Debug|Any CPU.ActiveCfg = Debug|Any CPU
		{C6503D6A-9D04-4C38-948F-66BDA679F861}.Debug|Any CPU.Build.0 = Debug|Any CPU
		{C6503D6A-9D04-4C38-948F-66BDA679F861}.Release|Any CPU.ActiveCfg = Release|Any CPU
		{C6503D6A-9D04-4C38-948F-66BDA679F861}.Release|Any CPU.Build.0 = Release|Any CPU
		{C0FF2DF6-C090-48B3-9003-7EB7159DED32}.Debug|Any CPU.ActiveCfg = Debug|Any CPU
		{C0FF2DF6-C090-48B3-9003-7EB7159DED32}.Debug|Any CPU.Build.0 = Debug|Any CPU
		{C0FF2DF6-C090-48B3-9003-7EB7159DED32}.Release|Any CPU.ActiveCfg = Release|Any CPU
		{C0FF2DF6-C090-48B3-9003-7EB7159DED32}.Release|Any CPU.Build.0 = Release|Any CPU
	EndGlobalSection
	GlobalSection(SolutionProperties) = preSolution
		HideSolutionNode = FALSE
	EndGlobalSection
	GlobalSection(NestedProjects) = preSolution
		{59BDB932-3629-4A08-B1F5-567058BF7516} = {B044BB80-0F1F-4988-B9A9-59E405FA464D}
		{B044BB80-0F1F-4988-B9A9-59E405FA464D} = {89DCF2F8-F197-428E-B16A-4D9A7027884C}
		{B7F11D64-5B1D-4ACE-BFC7-E781DBF75D35} = {B044BB80-0F1F-4988-B9A9-59E405FA464D}
		{4969A242-36DA-4B75-9CB7-6BA03D7E71A4} = {B044BB80-0F1F-4988-B9A9-59E405FA464D}
		{1739A0A6-16F4-422B-9716-F101321839DC} = {B044BB80-0F1F-4988-B9A9-59E405FA464D}
		{02963846-0DE4-407C-BCE4-5784E27CCDB0} = {B044BB80-0F1F-4988-B9A9-59E405FA464D}
		{49049E3A-E0A0-469A-8C7B-92416DAD0DFF} = {B044BB80-0F1F-4988-B9A9-59E405FA464D}
		{7AA46187-AE0D-47CC-9675-BC54B9F7F259} = {89DCF2F8-F197-428E-B16A-4D9A7027884C}
		{5BBB5F62-D3CE-4C81-A7AE-73A6EBA2DE51} = {7AA46187-AE0D-47CC-9675-BC54B9F7F259}
		{88EB1683-1E4E-454E-9BB1-18C18BA2D3CA} = {7AA46187-AE0D-47CC-9675-BC54B9F7F259}
		{7DBE7280-CCA4-4039-9C19-75D3BEE3EB81} = {7AA46187-AE0D-47CC-9675-BC54B9F7F259}
		{18D7078E-20D7-490D-93BE-4091BD19347C} = {7AA46187-AE0D-47CC-9675-BC54B9F7F259}
		{5439E9F4-3A67-4236-9CCF-CF5A79A970A8} = {7AA46187-AE0D-47CC-9675-BC54B9F7F259}
		{39A4BA70-027D-4006-807C-B8A462D69A22} = {7AA46187-AE0D-47CC-9675-BC54B9F7F259}
		{46409011-BECF-4D8C-9992-BB6AC65906FA} = {89DCF2F8-F197-428E-B16A-4D9A7027884C}
		{ACAC7275-70FD-4902-A38F-192241A183B2} = {89DCF2F8-F197-428E-B16A-4D9A7027884C}
		{ACB6AB7F-2CF5-48AB-94FB-2422B1BCF72B} = {89DCF2F8-F197-428E-B16A-4D9A7027884C}
		{C9B1E5A7-62E2-451D-A602-4B511ED45546} = {ACAC7275-70FD-4902-A38F-192241A183B2}
		{D72A651B-A87E-44C5-9061-4F229C076E1A} = {ACAC7275-70FD-4902-A38F-192241A183B2}
		{AE28AC4E-C712-497F-9E6A-0B3A96226006} = {ACAC7275-70FD-4902-A38F-192241A183B2}
		{5243D91F-BDE3-4834-B868-0D5D9BC61933} = {ACAC7275-70FD-4902-A38F-192241A183B2}
		{B4F5FF6B-E1C5-4D03-9D9D-4DE87A7F05DE} = {ACAC7275-70FD-4902-A38F-192241A183B2}
		{B9056565-4B81-4411-A4DC-CC6A1AABC159} = {ACAC7275-70FD-4902-A38F-192241A183B2}
		{A025FB5E-47F0-4596-A941-4065843CD112} = {46409011-BECF-4D8C-9992-BB6AC65906FA}
		{6E9DA5D8-E20F-4D77-BEBA-45E6BE85E53E} = {46409011-BECF-4D8C-9992-BB6AC65906FA}
		{AEF5692F-308C-46D7-9209-84093372690A} = {46409011-BECF-4D8C-9992-BB6AC65906FA}
		{18CDE756-B360-4132-8A4D-B13C2E4C99EA} = {46409011-BECF-4D8C-9992-BB6AC65906FA}
		{17BE6FDD-6658-4846-B01A-A7846F74F182} = {46409011-BECF-4D8C-9992-BB6AC65906FA}
		{4B13A622-D636-43C9-95B4-C6028C9A770C} = {46409011-BECF-4D8C-9992-BB6AC65906FA}
		{7BAA077C-1DA8-41B4-A06F-1B8E305B7643} = {ACB6AB7F-2CF5-48AB-94FB-2422B1BCF72B}
		{BE13B4F3-8CA8-4E7E-9DFE-85BEEA666809} = {ACB6AB7F-2CF5-48AB-94FB-2422B1BCF72B}
		{DE49151A-9A30-47FC-BA74-9D987D9C625C} = {ACB6AB7F-2CF5-48AB-94FB-2422B1BCF72B}
		{0737FBB0-E0AD-4282-ACD2-47AAF3898D38} = {ACB6AB7F-2CF5-48AB-94FB-2422B1BCF72B}
		{4C957748-6479-4F3E-A917-B64432AF854B} = {ACB6AB7F-2CF5-48AB-94FB-2422B1BCF72B}
		{9BFB05F5-63A1-41C8-AEAA-D7D1214386A3} = {ACB6AB7F-2CF5-48AB-94FB-2422B1BCF72B}
		{F3A7CCF8-FC8E-444A-80D9-8F58840D0D6C} = {835FC5CC-7F81-46A5-9436-547CA9FAD8BF}
		{CD02A356-D5AB-4AEC-998B-4F7591F84976} = {89DCF2F8-F197-428E-B16A-4D9A7027884C}
		{1C0819A4-01F5-41F3-BA1A-FA0509451B35} = {CD02A356-D5AB-4AEC-998B-4F7591F84976}
		{E504D008-D913-4F75-8AAD-397A6A05C804} = {CD02A356-D5AB-4AEC-998B-4F7591F84976}
		{78A277C7-9D25-43C2-ADE1-F829C5A9355A} = {CD02A356-D5AB-4AEC-998B-4F7591F84976}
		{24B5699C-57A4-4B09-A2A2-EA503EDF15E9} = {CD02A356-D5AB-4AEC-998B-4F7591F84976}
		{56B3D727-56B4-4715-B203-03A86F9FD397} = {CD02A356-D5AB-4AEC-998B-4F7591F84976}
		{125A58F6-57E1-49F6-A698-CEA96CC7C81D} = {CD02A356-D5AB-4AEC-998B-4F7591F84976}
		{C2A137E6-5AA0-4209-BF16-0B5B1075F83A} = {89DCF2F8-F197-428E-B16A-4D9A7027884C}
		{38BA51FA-8CC1-44FA-8C3F-38871A7EEF4A} = {C2A137E6-5AA0-4209-BF16-0B5B1075F83A}
		{3E64A319-19AC-4478-B69F-1AB44CFA9BBF} = {C2A137E6-5AA0-4209-BF16-0B5B1075F83A}
		{BAF97775-7D51-492A-BB38-9F546C81D84F} = {C2A137E6-5AA0-4209-BF16-0B5B1075F83A}
		{90699233-88E7-4D1F-B4EC-28E66F7EFFDA} = {C2A137E6-5AA0-4209-BF16-0B5B1075F83A}
		{E5F07CAC-1604-4F92-AB75-9A4AAB524DD6} = {C2A137E6-5AA0-4209-BF16-0B5B1075F83A}
		{7DDA0C91-2697-44ED-B2A3-DF8B62878A87} = {89DCF2F8-F197-428E-B16A-4D9A7027884C}
		{2A46AC12-5992-4866-AF1B-841B345B8BB6} = {7DDA0C91-2697-44ED-B2A3-DF8B62878A87}
		{2AE33392-B753-4035-9E1B-97DCB2793785} = {7DDA0C91-2697-44ED-B2A3-DF8B62878A87}
		{CD6B2CA8-7E90-48D4-A74D-5DCF143905A2} = {7DDA0C91-2697-44ED-B2A3-DF8B62878A87}
		{36A2855B-AB8D-40A6-8E4F-0701DA48CC35} = {7DDA0C91-2697-44ED-B2A3-DF8B62878A87}
		{8E2F5EFD-B8B9-411E-9C8A-3B706AA6CE23} = {7DDA0C91-2697-44ED-B2A3-DF8B62878A87}
		{FA293746-AC7C-4FF7-9E13-FEF654C0184E} = {7DDA0C91-2697-44ED-B2A3-DF8B62878A87}
		{E9DC30FB-3ED2-4A4E-9FA6-3E4DE6EB3238} = {C2A137E6-5AA0-4209-BF16-0B5B1075F83A}
		{D854F73B-370D-4783-ACC4-D99525A1C52D} = {89DCF2F8-F197-428E-B16A-4D9A7027884C}
		{E2698DE7-C445-4878-ADEC-B7B90C0005CB} = {D854F73B-370D-4783-ACC4-D99525A1C52D}
		{E5C65CD1-FEDC-4F6F-9C44-971D1F872FFD} = {D854F73B-370D-4783-ACC4-D99525A1C52D}
		{9C9E1A57-5727-4E64-8FB3-D80159495F44} = {D854F73B-370D-4783-ACC4-D99525A1C52D}
		{08899074-4B8D-458A-B52C-E92E8420E608} = {D854F73B-370D-4783-ACC4-D99525A1C52D}
		{C6503D6A-9D04-4C38-948F-66BDA679F861} = {D854F73B-370D-4783-ACC4-D99525A1C52D}
		{C0FF2DF6-C090-48B3-9003-7EB7159DED32} = {D854F73B-370D-4783-ACC4-D99525A1C52D}
	EndGlobalSection
	GlobalSection(ExtensibilityGlobals) = postSolution
		SolutionGuid = {44545626-B5E5-4544-84FD-64DAEF07CD22}
	EndGlobalSection
EndGlobal
